
Microsoft Visual Studio Solution File, Format Version 12.00
# Visual Studio Version 17
VisualStudioVersion = 17.2.32519.379
MinimumVisualStudioVersion = 10.0.40219.1
Project("{FAE04EC0-301F-11D3-BF4B-00C04F79EFBC}") = "ReferenceTypesAndValueTypes", "ReferenceTypesAndValueTypes.csproj", "{245AE762-57AC-4CC2-9272-86B765FEC2FC}"
EndProject
Global
	GlobalSection(SolutionConfigurationPlatforms) = preSolution
		Debug|Any CPU = Debug|Any CPU
		Release|Any CPU = Release|Any CPU
	EndGlobalSection
	GlobalSection(ProjectConfigurationPlatforms) = postSolution
		{245AE762-57AC-4CC2-9272-86B765FEC2FC}.Debug|Any CPU.ActiveCfg = Debug|Any CPU
		{245AE762-57AC-4CC2-9272-86B765FEC2FC}.Debug|Any CPU.Build.0 = Debug|Any CPU
		{245AE762-57AC-4CC2-9272-86B765FEC2FC}.Release|Any CPU.ActiveCfg = Release|Any CPU
		{245AE762-57AC-4CC2-9272-86B765FEC2FC}.Release|Any CPU.Build.0 = Release|Any CPU
	EndGlobalSection
	GlobalSection(SolutionProperties) = preSolution
		HideSolutionNode = FALSE
	EndGlobalSection
	GlobalSection(ExtensibilityGlobals) = postSolution
		SolutionGuid = {1F6419F6-8F30-47A5-9773-5E344F915BF0}
	EndGlobalSection
EndGlobal
